{
  "originHash" : "311dc0de65d9fec94f6ecb0a6f29e270687593f6a9ed376d131bea8ce8a0d6c3",
  "pins" : [
    {
      "identity" : "swift-macro-testing",
      "kind" : "remoteSourceControl",
      "location" : "https://github.com/pointfreeco/swift-macro-testing.git",
      "state" : {
        "branch" : "main",
        "revision" : "1a9dc9721b1727f0191eaee0e10dbb383c0bf8ba"
      }
    },
    {
      "identity" : "swift-snapshot-testing",
      "kind" : "remoteSourceControl",
      "location" : "https://github.com/pointfreeco/swift-snapshot-testing",
      "state" : {
        "revision" : "42a086182681cf661f5c47c9b7dc3931de18c6d7",
        "version" : "1.17.6"
      }
    },
    {
      "identity" : "swift-syntax",
      "kind" : "remoteSourceControl",
      "location" : "https://github.com/apple/swift-syntax.git",
      "state" : {
        "revision" : "0687f71944021d616d34d922343dcef086855920",
        "version" : "600.0.1"
      }
    }
  ],
  "version" : 3
}
